PODS:
  - Alamofire (4.9.1)
  - Kingfisher (5.15.8):
    - Kingfisher/Core (= 5.15.8)
  - Kingfisher/Core (5.15.8)
  - KingfisherWebP (1.0.0):
    - Kingfisher (~> 5.8)
    - libwebp (>= 0.5.0)
  - libwebp (1.1.0):
    - libwebp/demux (= 1.1.0)
    - libwebp/mux (= 1.1.0)
    - libwebp/webp (= 1.1.0)
  - libwebp/demux (1.1.0):
    - libwebp/webp
  - libwebp/mux (1.1.0):
    - libwebp/demux
  - libwebp/webp (1.1.0)
  - MaterialComponents/AnimationTiming (119.1.2)
  - MaterialComponents/Availability (119.1.2)
  - MaterialComponents/Buttons (119.1.2):
    - MaterialComponents/Elevation
    - MaterialComponents/Ink
    - MaterialComponents/private/Math
    - MaterialComponents/Ripple
    - MaterialComponents/ShadowElevations
    - MaterialComponents/ShadowLayer
    - MaterialComponents/ShapeLibrary
    - MaterialComponents/Shapes
    - MaterialComponents/Typography
    - MDFInternationalization
    - MDFTextAccessibility
  - MaterialComponents/Elevation (119.1.2):
    - MaterialComponents/Availability
    - MaterialComponents/private/Color
    - MaterialComponents/private/Math
  - MaterialComponents/Ink (119.1.2):
    - MaterialComponents/Availability
    - MaterialComponents/private/Color
    - MaterialComponents/private/Math
  - MaterialComponents/OverlayWindow (119.1.2):
    - MaterialComponents/Availability
    - MaterialComponents/private/Application
  - MaterialComponents/private/Application (119.1.2)
  - MaterialComponents/private/Color (119.1.2):
    - MaterialComponents/Availability
  - MaterialComponents/private/KeyboardWatcher (119.1.2):
    - MaterialComponents/private/Application
  - MaterialComponents/private/Math (119.1.2)
  - MaterialComponents/private/Overlay (119.1.2)
  - MaterialComponents/Ripple (119.1.2):
    - MaterialComponents/AnimationTiming
    - MaterialComponents/Availability
    - MaterialComponents/private/Color
    - MaterialComponents/private/Math
  - MaterialComponents/ShadowElevations (119.1.2)
  - MaterialComponents/ShadowLayer (119.1.2):
    - MaterialComponents/ShadowElevations
  - MaterialComponents/ShapeLibrary (119.1.2):
    - MaterialComponents/private/Math
    - MaterialComponents/Shapes
  - MaterialComponents/Shapes (119.1.2):
    - MaterialComponents/private/Color
    - MaterialComponents/private/Math
    - MaterialComponents/ShadowLayer
  - MaterialComponents/Snackbar (119.1.2):
    - MaterialComponents/AnimationTiming
    - MaterialComponents/Availability
    - MaterialComponents/Buttons
    - MaterialComponents/Elevation
    - MaterialComponents/OverlayWindow
    - MaterialComponents/private/Application
    - MaterialComponents/private/KeyboardWatcher
    - MaterialComponents/private/Math
    - MaterialComponents/private/Overlay
    - MaterialComponents/ShadowElevations
    - MaterialComponents/ShadowLayer
    - MaterialComponents/Typography
  - MaterialComponents/Typography (119.1.2):
    - MaterialComponents/private/Application
    - MaterialComponents/private/Math
    - MDFTextAccessibility
  - MDFInternationalization (2.0.0)
  - MDFTextAccessibility (2.0.0)
  - YDB2WAssets (1.0.7)
  - YDB2WComponents (1.0.35):
    - MaterialComponents/Snackbar
    - YDExtensions
  - YDExtensions (1.0.21):
    - Kingfisher (~> 5.0)
    - KingfisherWebP (= 1.0.0)
  - YDLocationModule (1.0.3)
  - YDUtilities (1.0.2):
    - Alamofire (~> 4.0)

DEPENDENCIES:
  - Alamofire (= 4.9.1)
  - YDB2WAssets
  - YDB2WComponents
  - YDExtensions
  - YDLocationModule
  - YDUtilities

SPEC REPOS:
  "git@github.com-yourdev:Hennrich-Your-Dev/YourDev-Pods.git":
    - YDB2WAssets
    - YDB2WComponents
    - YDExtensions
    - YDLocationModule
    - YDUtilities
  https://github.com/CocoaPods/Specs.git:
    - Alamofire
    - Kingfisher
    - KingfisherWebP
    - libwebp
    - MaterialComponents
    - MDFInternationalization
    - MDFTextAccessibility

SPEC CHECKSUMS:
  Alamofire: 85e8a02c69d6020a0d734f6054870d7ecb75cf18
  Kingfisher: a3c03d702433fa6cfedabb2bddbe076fb8f2e902
  KingfisherWebP: b1ed1dbc5e52547c5bf5f583dd5c46346f97320f
  libwebp: 946cb3063cea9236285f7e9a8505d806d30e07f3
  MaterialComponents: 8936712ec298476993950e2d5d77e348d8e84577
  MDFInternationalization: 010097556d6b09d2c4ea38e0820ea6d37be6a314
  MDFTextAccessibility: 85c09a1bd9c321f494348e632a25063bcda35a53
  YDB2WAssets: edbea586bc61d06cdd077721fe7991a01e221b0d
  YDB2WComponents: f86fb00c175864c52d4851da46e9903a3a477e5b
  YDExtensions: d13e6aaaa47a088f3d1e8292bb9392174710f6eb
  YDLocationModule: 1fe12e4e5275cb7c1e21f7a2a20cc3efcf385236
  YDUtilities: 081b8a4f325f9e0f913d44cd6dc70782d1df21cc

PODFILE CHECKSUM: 718d68d5aab1c4d7730913ab57b84ba605392a65

COCOAPODS: 1.10.0
